
Microsoft Visual Studio Solution File, Format Version 12.00
# Visual Studio Version 16
VisualStudioVersion = 16.0.30011.22
MinimumVisualStudioVersion = 10.0.40219.1
Project("{FAE04EC0-301F-11D3-BF4B-00C04F79EFBC}") = "WebApi-Ecom", "WebApi-Ecom\WebApi-Ecom.csproj", "{F717E80B-4C50-4B62-94FF-35F2E7B71611}"
EndProject
Global
	GlobalSection(SolutionConfigurationPlatforms) = preSolution
		Debug|Any CPU = Debug|Any CPU
		Release|Any CPU = Release|Any CPU
	EndGlobalSection
	GlobalSection(ProjectConfigurationPlatforms) = postSolution
		{F717E80B-4C50-4B62-94FF-35F2E7B71611}.Debug|Any CPU.ActiveCfg = Debug|Any CPU
		{F717E80B-4C50-4B62-94FF-35F2E7B71611}.Debug|Any CPU.Build.0 = Debug|Any CPU
		{F717E80B-4C50-4B62-94FF-35F2E7B71611}.Release|Any CPU.ActiveCfg = Release|Any CPU
		{F717E80B-4C50-4B62-94FF-35F2E7B71611}.Release|Any CPU.Build.0 = Release|Any CPU
	EndGlobalSection
	GlobalSection(SolutionProperties) = preSolution
		HideSolutionNode = FALSE
	EndGlobalSection
	GlobalSection(ExtensibilityGlobals) = postSolution
		SolutionGuid = {3C095588-0D3A-47B8-B03B-9DFCDE9A09C6}
	EndGlobalSection
EndGlobal
